
Microsoft Visual Studio Solution File, Format Version 12.00
# Visual Studio Version 17
VisualStudioVersion = 17.0.31903.59
MinimumVisualStudioVersion = 10.0.40219.1
Project("{2150E333-8FDC-42A3-9474-1A3956D46DE8}") = "V23", "V23", "{3324EAE8-A1EC-504E-90DF-70455699D361}"
EndProject
Project("{FAE04EC0-301F-11D3-BF4B-00C04F79EFBC}") = "ViewsNETClient", "V23\ViewsNETClient\ViewsNETClient.csproj", "{24E1FF1D-1237-41DB-B560-3D311D55E278}"
EndProject
Project("{FAE04EC0-301F-11D3-BF4B-00C04F79EFBC}") = "ParquetExport", "V23\ParquetExport\ParquetExport.csproj", "{C46DF6C4-6951-44C1-B3E2-79E1373DA8BA}"
EndProject
Project("{FAE04EC0-301F-11D3-BF4B-00C04F79EFBC}") = "SenderNETClient", "V23\SenderNETClient\SenderNETClient.csproj", "{45562696-B59F-476D-804C-4B82869ECF0D}"
EndProject
Project("{2150E333-8FDC-42A3-9474-1A3956D46DE8}") = "V24", "V24", "{189BE5F9-2FDB-0148-63F5-302DE3E6B207}"
EndProject
Project("{FAE04EC0-301F-11D3-BF4B-00C04F79EFBC}") = "ViewsNETClient", "V24\ViewsNETClient\ViewsNETClient.csproj", "{29A3719E-6829-4435-B1DE-4DA13758D0FE}"
EndProject
Project("{FAE04EC0-301F-11D3-BF4B-00C04F79EFBC}") = "StoreAndForwardNETClient", "V24\StoreAndForwardNETClient\StoreAndForwardNETClient.csproj", "{4CD8140B-699A-47FE-9339-8DABA1A90770}"
EndProject
Project("{2150E333-8FDC-42A3-9474-1A3956D46DE8}") = "V26", "V26", "{8ED0E284-B0FF-C14F-852D-51F7BAB48E83}"
EndProject
Project("{FAE04EC0-301F-11D3-BF4B-00C04F79EFBC}") = "ViewsNETClient", "V26\ViewsNETClient\ViewsNETClient.csproj", "{EBD3C1DD-1489-4B16-8304-AA00F6C638A8}"
EndProject
Project("{FAE04EC0-301F-11D3-BF4B-00C04F79EFBC}") = "StoreAndForwardNETClient", "V26\StoreAndForwardNETClient\StoreAndForwardNETClient.csproj", "{FEBEC334-B12E-4782-B5D7-BE04342F61CA}"
EndProject
Project("{FAE04EC0-301F-11D3-BF4B-00C04F79EFBC}") = "CustomCalculationFunctionPlugin", "V26\CustomCalculationFunctionPlugin\CustomCalculationFunctionPlugin.csproj", "{140A2AA9-82E8-409A-BD09-0009B9B51E0E}"
EndProject
Project("{2150E333-8FDC-42A3-9474-1A3956D46DE8}") = "Solution Items", "Solution Items", "{A8E7D6C5-1234-4ABC-9DEF-000000000001}"
	ProjectSection(SolutionItems) = preProject
		README.md = README.md
	EndProjectSection
EndProject
Global
	GlobalSection(SolutionConfigurationPlatforms) = preSolution
		Debug|Any CPU = Debug|Any CPU
		Debug|x64 = Debug|x64
		Debug|x86 = Debug|x86
		Release|Any CPU = Release|Any CPU
		Release|x64 = Release|x64
		Release|x86 = Release|x86
	EndGlobalSection
	GlobalSection(ProjectConfigurationPlatforms) = postSolution
		{24E1FF1D-1237-41DB-B560-3D311D55E278}.Debug|Any CPU.ActiveCfg = Debug|Any CPU
		{24E1FF1D-1237-41DB-B560-3D311D55E278}.Debug|Any CPU.Build.0 = Debug|Any CPU
		{24E1FF1D-1237-41DB-B560-3D311D55E278}.Debug|x64.ActiveCfg = Debug|Any CPU
		{24E1FF1D-1237-41DB-B560-3D311D55E278}.Debug|x64.Build.0 = Debug|Any CPU
		{24E1FF1D-1237-41DB-B560-3D311D55E278}.Debug|x86.ActiveCfg = Debug|Any CPU
		{24E1FF1D-1237-41DB-B560-3D311D55E278}.Debug|x86.Build.0 = Debug|Any CPU
		{24E1FF1D-1237-41DB-B560-3D311D55E278}.Release|Any CPU.ActiveCfg = Release|Any CPU
		{24E1FF1D-1237-41DB-B560-3D311D55E278}.Release|Any CPU.Build.0 = Release|Any CPU
		{24E1FF1D-1237-41DB-B560-3D311D55E278}.Release|x64.ActiveCfg = Release|Any CPU
		{24E1FF1D-1237-41DB-B560-3D311D55E278}.Release|x64.Build.0 = Release|Any CPU
		{24E1FF1D-1237-41DB-B560-3D311D55E278}.Release|x86.ActiveCfg = Release|Any CPU
		{24E1FF1D-1237-41DB-B560-3D311D55E278}.Release|x86.Build.0 = Release|Any CPU
		{C46DF6C4-6951-44C1-B3E2-79E1373DA8BA}.Debug|Any CPU.ActiveCfg = Debug|Any CPU
		{C46DF6C4-6951-44C1-B3E2-79E1373DA8BA}.Debug|Any CPU.Build.0 = Debug|Any CPU
		{C46DF6C4-6951-44C1-B3E2-79E1373DA8BA}.Debug|x64.ActiveCfg = Debug|Any CPU
		{C46DF6C4-6951-44C1-B3E2-79E1373DA8BA}.Debug|x64.Build.0 = Debug|Any CPU
		{C46DF6C4-6951-44C1-B3E2-79E1373DA8BA}.Debug|x86.ActiveCfg = Debug|Any CPU
		{C46DF6C4-6951-44C1-B3E2-79E1373DA8BA}.Debug|x86.Build.0 = Debug|Any CPU
		{C46DF6C4-6951-44C1-B3E2-79E1373DA8BA}.Release|Any CPU.ActiveCfg = Release|Any CPU
		{C46DF6C4-6951-44C1-B3E2-79E1373DA8BA}.Release|Any CPU.Build.0 = Release|Any CPU
		{C46DF6C4-6951-44C1-B3E2-79E1373DA8BA}.Release|x64.ActiveCfg = Release|Any CPU
		{C46DF6C4-6951-44C1-B3E2-79E1373DA8BA}.Release|x64.Build.0 = Release|Any CPU
		{C46DF6C4-6951-44C1-B3E2-79E1373DA8BA}.Release|x86.ActiveCfg = Release|Any CPU
		{C46DF6C4-6951-44C1-B3E2-79E1373DA8BA}.Release|x86.Build.0 = Release|Any CPU
		{45562696-B59F-476D-804C-4B82869ECF0D}.Debug|Any CPU.ActiveCfg = Debug|Any CPU
		{45562696-B59F-476D-804C-4B82869ECF0D}.Debug|Any CPU.Build.0 = Debug|Any CPU
		{45562696-B59F-476D-804C-4B82869ECF0D}.Debug|x64.ActiveCfg = Debug|Any CPU
		{45562696-B59F-476D-804C-4B82869ECF0D}.Debug|x64.Build.0 = Debug|Any CPU
		{45562696-B59F-476D-804C-4B82869ECF0D}.Debug|x86.ActiveCfg = Debug|Any CPU
		{45562696-B59F-476D-804C-4B82869ECF0D}.Debug|x86.Build.0 = Debug|Any CPU
		{45562696-B59F-476D-804C-4B82869ECF0D}.Release|Any CPU.ActiveCfg = Release|Any CPU
		{45562696-B59F-476D-804C-4B82869ECF0D}.Release|Any CPU.Build.0 = Release|Any CPU
		{45562696-B59F-476D-804C-4B82869ECF0D}.Release|x64.ActiveCfg = Release|Any CPU
		{45562696-B59F-476D-804C-4B82869ECF0D}.Release|x64.Build.0 = Release|Any CPU
		{45562696-B59F-476D-804C-4B82869ECF0D}.Release|x86.ActiveCfg = Release|Any CPU
		{45562696-B59F-476D-804C-4B82869ECF0D}.Release|x86.Build.0 = Release|Any CPU
		{29A3719E-6829-4435-B1DE-4DA13758D0FE}.Debug|Any CPU.ActiveCfg = Debug|Any CPU
		{29A3719E-6829-4435-B1DE-4DA13758D0FE}.Debug|Any CPU.Build.0 = Debug|Any CPU
		{29A3719E-6829-4435-B1DE-4DA13758D0FE}.Debug|x64.ActiveCfg = Debug|Any CPU
		{29A3719E-6829-4435-B1DE-4DA13758D0FE}.Debug|x64.Build.0 = Debug|Any CPU
		{29A3719E-6829-4435-B1DE-4DA13758D0FE}.Debug|x86.ActiveCfg = Debug|Any CPU
		{29A3719E-6829-4435-B1DE-4DA13758D0FE}.Debug|x86.Build.0 = Debug|Any CPU
		{29A3719E-6829-4435-B1DE-4DA13758D0FE}.Release|Any CPU.ActiveCfg = Release|Any CPU
		{29A3719E-6829-4435-B1DE-4DA13758D0FE}.Release|Any CPU.Build.0 = Release|Any CPU
		{29A3719E-6829-4435-B1DE-4DA13758D0FE}.Release|x64.ActiveCfg = Release|Any CPU
		{29A3719E-6829-4435-B1DE-4DA13758D0FE}.Release|x64.Build.0 = Release|Any CPU
		{29A3719E-6829-4435-B1DE-4DA13758D0FE}.Release|x86.ActiveCfg = Release|Any CPU
		{29A3719E-6829-4435-B1DE-4DA13758D0FE}.Release|x86.Build.0 = Release|Any CPU
		{4CD8140B-699A-47FE-9339-8DABA1A90770}.Debug|Any CPU.ActiveCfg = Debug|Any CPU
		{4CD8140B-699A-47FE-9339-8DABA1A90770}.Debug|Any CPU.Build.0 = Debug|Any CPU
		{4CD8140B-699A-47FE-9339-8DABA1A90770}.Debug|x64.ActiveCfg = Debug|Any CPU
		{4CD8140B-699A-47FE-9339-8DABA1A90770}.Debug|x64.Build.0 = Debug|Any CPU
		{4CD8140B-699A-47FE-9339-8DABA1A90770}.Debug|x86.ActiveCfg = Debug|Any CPU
		{4CD8140B-699A-47FE-9339-8DABA1A90770}.Debug|x86.Build.0 = Debug|Any CPU
		{4CD8140B-699A-47FE-9339-8DABA1A90770}.Release|Any CPU.ActiveCfg = Release|Any CPU
		{4CD8140B-699A-47FE-9339-8DABA1A90770}.Release|Any CPU.Build.0 = Release|Any CPU
		{4CD8140B-699A-47FE-9339-8DABA1A90770}.Release|x64.ActiveCfg = Release|Any CPU
		{4CD8140B-699A-47FE-9339-8DABA1A90770}.Release|x64.Build.0 = Release|Any CPU
		{4CD8140B-699A-47FE-9339-8DABA1A90770}.Release|x86.ActiveCfg = Release|Any CPU
		{4CD8140B-699A-47FE-9339-8DABA1A90770}.Release|x86.Build.0 = Release|Any CPU
		{EBD3C1DD-1489-4B16-8304-AA00F6C638A8}.Debug|Any CPU.ActiveCfg = Debug|Any CPU
		{EBD3C1DD-1489-4B16-8304-AA00F6C638A8}.Debug|Any CPU.Build.0 = Debug|Any CPU
		{EBD3C1DD-1489-4B16-8304-AA00F6C638A8}.Debug|x64.ActiveCfg = Debug|Any CPU
		{EBD3C1DD-1489-4B16-8304-AA00F6C638A8}.Debug|x64.Build.0 = Debug|Any CPU
		{EBD3C1DD-1489-4B16-8304-AA00F6C638A8}.Debug|x86.ActiveCfg = Debug|Any CPU
		{EBD3C1DD-1489-4B16-8304-AA00F6C638A8}.Debug|x86.Build.0 = Debug|Any CPU
		{EBD3C1DD-1489-4B16-8304-AA00F6C638A8}.Release|Any CPU.ActiveCfg = Release|Any CPU
		{EBD3C1DD-1489-4B16-8304-AA00F6C638A8}.Release|Any CPU.Build.0 = Release|Any CPU
		{EBD3C1DD-1489-4B16-8304-AA00F6C638A8}.Release|x64.ActiveCfg = Release|Any CPU
		{EBD3C1DD-1489-4B16-8304-AA00F6C638A8}.Release|x64.Build.0 = Release|Any CPU
		{EBD3C1DD-1489-4B16-8304-AA00F6C638A8}.Release|x86.ActiveCfg = Release|Any CPU
		{EBD3C1DD-1489-4B16-8304-AA00F6C638A8}.Release|x86.Build.0 = Release|Any CPU
		{FEBEC334-B12E-4782-B5D7-BE04342F61CA}.Debug|Any CPU.ActiveCfg = Debug|Any CPU
		{FEBEC334-B12E-4782-B5D7-BE04342F61CA}.Debug|Any CPU.Build.0 = Debug|Any CPU
		{FEBEC334-B12E-4782-B5D7-BE04342F61CA}.Debug|x64.ActiveCfg = Debug|Any CPU
		{FEBEC334-B12E-4782-B5D7-BE04342F61CA}.Debug|x64.Build.0 = Debug|Any CPU
		{FEBEC334-B12E-4782-B5D7-BE04342F61CA}.Debug|x86.ActiveCfg = Debug|Any CPU
		{FEBEC334-B12E-4782-B5D7-BE04342F61CA}.Debug|x86.Build.0 = Debug|Any CPU
		{FEBEC334-B12E-4782-B5D7-BE04342F61CA}.Release|Any CPU.ActiveCfg = Release|Any CPU
		{FEBEC334-B12E-4782-B5D7-BE04342F61CA}.Release|Any CPU.Build.0 = Release|Any CPU
		{FEBEC334-B12E-4782-B5D7-BE04342F61CA}.Release|x64.ActiveCfg = Release|Any CPU
		{FEBEC334-B12E-4782-B5D7-BE04342F61CA}.Release|x64.Build.0 = Release|Any CPU
		{FEBEC334-B12E-4782-B5D7-BE04342F61CA}.Release|x86.ActiveCfg = Release|Any CPU
		{FEBEC334-B12E-4782-B5D7-BE04342F61CA}.Release|x86.Build.0 = Release|Any CPU
		{140A2AA9-82E8-409A-BD09-0009B9B51E0E}.Debug|Any CPU.ActiveCfg = Debug|Any CPU
		{140A2AA9-82E8-409A-BD09-0009B9B51E0E}.Debug|Any CPU.Build.0 = Debug|Any CPU
		{140A2AA9-82E8-409A-BD09-0009B9B51E0E}.Debug|x64.ActiveCfg = Debug|Any CPU
		{140A2AA9-82E8-409A-BD09-0009B9B51E0E}.Debug|x64.Build.0 = Debug|Any CPU
		{140A2AA9-82E8-409A-BD09-0009B9B51E0E}.Debug|x86.ActiveCfg = Debug|Any CPU
		{140A2AA9-82E8-409A-BD09-0009B9B51E0E}.Debug|x86.Build.0 = Debug|Any CPU
		{140A2AA9-82E8-409A-BD09-0009B9B51E0E}.Release|Any CPU.ActiveCfg = Release|Any CPU
		{140A2AA9-82E8-409A-BD09-0009B9B51E0E}.Release|Any CPU.Build.0 = Release|Any CPU
		{140A2AA9-82E8-409A-BD09-0009B9B51E0E}.Release|x64.ActiveCfg = Release|Any CPU
		{140A2AA9-82E8-409A-BD09-0009B9B51E0E}.Release|x64.Build.0 = Release|Any CPU
		{140A2AA9-82E8-409A-BD09-0009B9B51E0E}.Release|x86.ActiveCfg = Release|Any CPU
		{140A2AA9-82E8-409A-BD09-0009B9B51E0E}.Release|x86.Build.0 = Release|Any CPU
	EndGlobalSection
	GlobalSection(SolutionProperties) = preSolution
		HideSolutionNode = FALSE
	EndGlobalSection
	GlobalSection(NestedProjects) = preSolution
		{24E1FF1D-1237-41DB-B560-3D311D55E278} = {3324EAE8-A1EC-504E-90DF-70455699D361}
		{C46DF6C4-6951-44C1-B3E2-79E1373DA8BA} = {3324EAE8-A1EC-504E-90DF-70455699D361}
		{45562696-B59F-476D-804C-4B82869ECF0D} = {3324EAE8-A1EC-504E-90DF-70455699D361}
		{29A3719E-6829-4435-B1DE-4DA13758D0FE} = {189BE5F9-2FDB-0148-63F5-302DE3E6B207}
		{4CD8140B-699A-47FE-9339-8DABA1A90770} = {189BE5F9-2FDB-0148-63F5-302DE3E6B207}
		{EBD3C1DD-1489-4B16-8304-AA00F6C638A8} = {8ED0E284-B0FF-C14F-852D-51F7BAB48E83}
		{FEBEC334-B12E-4782-B5D7-BE04342F61CA} = {8ED0E284-B0FF-C14F-852D-51F7BAB48E83}
		{140A2AA9-82E8-409A-BD09-0009B9B51E0E} = {8ED0E284-B0FF-C14F-852D-51F7BAB48E83}
	EndGlobalSection
EndGlobal
